
Microsoft Visual Studio Solution File, Format Version 12.00
# Visual Studio Version 16
VisualStudioVersion = 16.0.31205.134
MinimumVisualStudioVersion = 10.0.40219.1
Project("{FAE04EC0-301F-11D3-BF4B-00C04F79EFBC}") = "MvcProject", "MvcProject.csproj", "{2F162851-A680-42F2-9117-5D12EA6A1211}"
EndProject
Global
	GlobalSection(SolutionConfigurationPlatforms) = preSolution
		Debug|Any CPU = Debug|Any CPU
		Release|Any CPU = Release|Any CPU
	EndGlobalSection
	GlobalSection(ProjectConfigurationPlatforms) = postSolution
		{2F162851-A680-42F2-9117-5D12EA6A1211}.Debug|Any CPU.ActiveCfg = Debug|Any CPU
		{2F162851-A680-42F2-9117-5D12EA6A1211}.Debug|Any CPU.Build.0 = Debug|Any CPU
		{2F162851-A680-42F2-9117-5D12EA6A1211}.Release|Any CPU.ActiveCfg = Release|Any CPU
		{2F162851-A680-42F2-9117-5D12EA6A1211}.Release|Any CPU.Build.0 = Release|Any CPU
	EndGlobalSection
	GlobalSection(SolutionProperties) = preSolution
		HideSolutionNode = FALSE
	EndGlobalSection
	GlobalSection(ExtensibilityGlobals) = postSolution
		SolutionGuid = {6FAFD0E2-E937-448D-B02B-4CD4CF2F2F29}
	EndGlobalSection
EndGlobal
